// !$*UTF8*$!
{
	archiveVersion = 1;
	classes = {
	};
	objectVersion = 50;
	objects = {

/* Begin PBXBuildFile section */
		E2278C62207A3C770093E307 /* AppDelegate.swift in Sources */ = {isa = PBXBuildFile; fileRef = E2278C61207A3C770093E307 /* AppDelegate.swift */; };
		E2278C64207A3C770093E307 /* ViewController.swift in Sources */ = {isa = PBXBuildFile; fileRef = E2278C63207A3C770093E307 /* ViewController.swift */; };
		E2278C67207A3C770093E307 /* Main.storyboard in Resources */ = {isa = PBXBuildFile; fileRef = E2278C65207A3C770093E307 /* Main.storyboard */; };
		E2278C69207A3C7A0093E307 /* Assets.xcassets in Resources */ = {isa = PBXBuildFile; fileRef = E2278C68207A3C7A0093E307 /* Assets.xcassets */; };
		E2278C6C207A3C7A0093E307 /* LaunchScreen.storyboard in Resources */ = {isa = PBXBuildFile; fileRef = E2278C6A207A3C7A0093E307 /* LaunchScreen.storyboard */; };
		E2278C74207A3E470093E307 /* LoveView.swift in Sources */ = {isa = PBXBuildFile; fileRef = E2278C73207A3E470093E307 /* LoveView.swift */; };
/* End PBXBuildFile section */

/* Begin PBXFileReference section */
		E2278C5E207A3C770093E307 /* 9420.app */ = {isa = PBXFileReference; explicitFileType = wrapper.application; includeInIndex = 0; path = 9420.app; sourceTree = BUILT_PRODUCTS_DIR; };
		E2278C61207A3C770093E307 /* AppDelegate.swift */ = {isa = PBXFileReference; lastKnownFileType = sourcecode.swift; path = AppDelegate.swift; sourceTree = "<group>"; };
		E2278C63207A3C770093E307 /* ViewController.swift */ = {isa = PBXFileReference; lastKnownFileType = sourcecode.swift; path = ViewController.swift; sourceTree = "<group>"; };
		E2278C66207A3C770093E307 /* Base */ = {isa = PBXFileReference; lastKnownFileType = file.storyboard; name = Base; path = Base.lproj/Main.storyboard; sourceTree = "<group>"; };
		E2278C68207A3C7A0093E307 /* Assets.xcassets */ = {isa = PBXFileReference; lastKnownFileType = folder.assetcatalog; path = Assets.xcassets; sourceTree = "<group>"; };
		E2278C6B207A3C7A0093E307 /* Base */ = {isa = PBXFileReference; lastKnownFileType = file.storyboard; name = Base; path = Base.lproj/LaunchScreen.storyboard; sourceTree = "<group>"; };
		E2278C6D207A3C7A0093E307 /* Info.plist */ = {isa = PBXFileReference; lastKnownFileType = text.plist.xml; path = Info.plist; sourceTree = "<group>"; };
		E2278C73207A3E470093E307 /* LoveView.swift */ = {isa = PBXFileReference; lastKnownFileType = sourcecode.swift; path = LoveView.swift; sourceTree = "<group>"; };
/* End PBXFileReference section */

/* Begin PBXFrameworksBuildPhase section */
		E2278C5B207A3C770093E307 /* Frameworks */ = {
			isa = PBXFrameworksBuildPhase;
			buildActionMask = 2147483647;
			files = (
			);
			runOnlyForDeploymentPostprocessing = 0;
		};
/* End PBXFrameworksBuildPhase section */

/* Begin PBXGroup section */
		E2278C55207A3C770093E307 = {
			isa = PBXGroup;
			children = (
				E2278C60207A3C770093E307 /* 9420 */,
				E2278C5F207A3C770093E307 /* Products */,
			);
			sourceTree = "<group>";
		};
		E2278C5F207A3C770093E307 /* Products */ = {
			isa = PBXGroup;
			children = (
				E2278C5E207A3C770093E307 /* 9420.app */,
			);
			name = Products;
			sourceTree = "<group>";
		};
		E2278C60207A3C770093E307 /* 9420 */ = {
			isa = PBXGroup;
			children = (
				E2278C61207A3C770093E307 /* AppDelegate.swift */,
				E2278C63207A3C770093E307 /* ViewController.swift */,
				E2278C73207A3E470093E307 /* LoveView.swift */,
				E2278C65207A3C770093E307 /* Main.storyboard */,
				E2278C68207A3C7A0093E307 /* Assets.xcassets */,
				E2278C6A207A3C7A0093E307 /* LaunchScreen.storyboard */,
				E2278C6D207A3C7A0093E307 /* Info.plist */,
			);
			path = 9420;
			sourceTree = "<group>";
		};
/* End PBXGroup section */

/* Begin PBXNativeTarget section */
		E2278C5D207A3C770093E307 /* 9420 */ = {
			isa = PBXNativeTarget;
			buildConfigurationList = E2278C70207A3C7A0093E307 /* Build configuration list for PBXNativeTarget "9420" */;
			buildPhases = (
				E2278C5A207A3C770093E307 /* Sources */,
				E2278C5B207A3C770093E307 /* Frameworks */,
				E2278C5C207A3C770093E307 /* Resources */,
			);
			buildRules = (
			);
			dependencies = (
			);
			name = 9420;
			productName = 9420;
			productReference = E2278C5E207A3C770093E307 /* 9420.app */;
			productType = "com.apple.product-type.application";
		};
/* End PBXNativeTarget section */

/* Begin PBXProject section */
		E2278C56207A3C770093E307 /* Project object */ = {
			isa = PBXProject;
			attributes = {
				LastSwiftUpdateCheck = 0930;
				LastUpgradeCheck = 0930;
				ORGANIZATIONNAME = Himin;
				TargetAttributes = {
					E2278C5D207A3C770093E307 = {
						CreatedOnToolsVersion = 9.3;
					};
				};
			};
			buildConfigurationList = E2278C59207A3C770093E307 /* Build configuration list for PBXProject "9420" */;
			compatibilityVersion = "Xcode 9.3";
			developmentRegion = en;
			hasScannedForEncodings = 0;
			knownRegions = (
				en,
				Base,
			);
			mainGroup = E2278C55207A3C770093E307;
			productRefGroup = E2278C5F207A3C770093E307 /* Products */;
			projectDirPath = "";
			projectRoot = "";
			targets = (
				E2278C5D207A3C770093E307 /* 9420 */,
			);
		};
/* End PBXProject section */

/* Begin PBXResourcesBuildPhase section */
		E2278C5C207A3C770093E307 /* Resources */ = {
			isa = PBXResourcesBuildPhase;
			buildActionMask = 2147483647;
			files = (
				E2278C6C207A3C7A0093E307 /* LaunchScreen.storyboard in Resources */,
				E2278C69207A3C7A0093E307 /* Assets.xcassets in Resources */,
				E2278C67207A3C770093E307 /* Main.storyboard in Resources */,
			);
			runOnlyForDeploymentPostprocessing = 0;
		};
/* End PBXResourcesBuildPhase section */

/* Begin PBXSourcesBuildPhase section */
		E2278C5A207A3C770093E307 /* Sources */ = {
			isa = PBXSourcesBuildPhase;
			buildActionMask = 2147483647;
			files = (
				E2278C64207A3C770093E307 /* ViewController.swift in Sources */,
				E2278C74207A3E470093E307 /* LoveView.swift in Sources */,
				E2278C62207A3C770093E307 /* AppDelegate.swift in Sources */,
			);
			runOnlyForDeploymentPostprocessing = 0;
		};
/* End PBXSourcesBuildPhase section */

/* Begin PBXVariantGroup section */
		E2278C65207A3C770093E307 /* Main.storyboard */ = {
			isa = PBXVariantGroup;
			children = (
				E2278C66207A3C770093E307 /* Base */,
			);
			name = Main.storyboard;
			sourceTree = "<group>";
		};
		E2278C6A207A3C7A0093E307 /* LaunchScreen.storyboard */ = {
			isa = PBXVariantGroup;
			children = (
				E2278C6B207A3C7A0093E307 /* Base */,
			);
			name = LaunchScreen.storyboard;
			sourceTree = "<group>";
		};
/* End PBXVariantGroup section */

/* Begin XCBuildConfiguration section */
		E2278C6E207A3C7A0093E307 /* Debug */ = {
			isa = XCBuildConfiguration;
			buildSettings = {
				ALWAYS_SEARCH_USER_PATHS = NO;
				CLANG_ANALYZER_NONNULL = YES;
				CLANG_ANALYZER_NUMBER_OBJECT_CONVERSION = YES_AGGRESSIVE;
				CLANG_CXX_LANGUAGE_STANDARD = "gnu++14";
				CLANG_CXX_LIBRARY = "libc++";
				CLANG_ENABLE_MODULES = YES;
				CLANG_ENABLE_OBJC_ARC = YES;
				CLANG_ENABLE_OBJC_WEAK = YES;
				CLANG_WARN_BLOCK_CAPTURE_AUTORELEASING = YES;
				CLANG_WARN_BOOL_CONVERSION = YES;
				CLANG_WARN_COMMA = YES;
				CLANG_WARN_CONSTANT_CONVERSION = YES;
				CLANG_WARN_DEPRECATED_OBJC_IMPLEMENTATIONS = YES;
				CLANG_WARN_DIRECT_OBJC_ISA_USAGE = YES_ERROR;
				CLANG_WARN_DOCUMENTATION_COMMENTS = YES;
				CLANG_WARN_EMPTY_BODY = YES;
				CLANG_WARN_ENUM_CONVERSION = YES;
				CLANG_WARN_INFINITE_RECURSION = YES;
				CLANG_WARN_INT_CONVERSION = YES;
				CLANG_WARN_NON_LITERAL_NULL_CONVERSION = YES;
				CLANG_WARN_OBJC_IMPLICIT_RETAIN_SELF = YES;
				CLANG_WARN_OBJC_LITERAL_CONVERSION = YES;
				CLANG_WARN_OBJC_ROOT_CLASS = YES_ERROR;
				CLANG_WARN_RANGE_LOOP_ANALYSIS = YES;
				CLANG_WARN_STRICT_PROTOTYPES = YES;
				CLANG_WARN_SUSPICIOUS_MOVE = YES;
				CLANG_WARN_UNGUARDED_AVAILABILITY = YES_AGGRESSIVE;
				CLANG_WARN_UNREACHABLE_CODE = YES;
				CLANG_WARN__DUPLICATE_METHOD_MATCH = YES;
				CODE_SIGN_IDENTITY = "iPhone Developer";
				COPY_PHASE_STRIP = NO;
				DEBUG_INFORMATION_FORMAT = dwarf;
				ENABLE_STRICT_OBJC_MSGSEND = YES;
				ENABLE_TESTABILITY = YES;
				GCC_C_LANGUAGE_STANDARD = gnu11;
				GCC_DYNAMIC_NO_PIC = NO;
				GCC_NO_COMMON_BLOCKS = YES;
				GCC_OPTIMIZATION_LEVEL = 0;
				GCC_PREPROCESSOR_DEFINITIONS = (
					"DEBUG=1",
					"$(inherited)",
				);
				GCC_WARN_64_TO_32_BIT_CONVERSION = YES;
				GCC_WARN_ABOUT_RETURN_TYPE = YES_ERROR;
				GCC_WARN_UNDECLARED_SELECTOR = YES;
				GCC_WARN_UNINITIALIZED_AUTOS = YES_AGGRESSIVE;
				GCC_WARN_UNUSED_FUNCTION = YES;
				GCC_WARN_UNUSED_VARIABLE = YES;
				IPHONEOS_DEPLOYMENT_TARGET = 11.3;
				MTL_ENABLE_DEBUG_INFO = YES;
				ONLY_ACTIVE_ARCH = YES;
				SDKROOT = iphoneos;
				SWIFT_ACTIVE_COMPILATION_CONDITIONS = DEBUG;
				SWIFT_OPTIMIZATION_LEVEL = "-Onone";
			};
			name = Debug;
		};
		E2278C6F207A3C7A0093E307 /* Release */ = {
			isa = XCBuildConfiguration;
			buildSettings = {
				ALWAYS_SEARCH_USER_PATHS = NO;
				CLANG_ANALYZER_NONNULL = YES;
				CLANG_ANALYZER_NUMBER_OBJECT_CONVERSION = YES_AGGRESSIVE;
				CLANG_CXX_LANGUAGE_STANDARD = "gnu++14";
				CLANG_CXX_LIBRARY = "libc++";
				CLANG_ENABLE_MODULES = YES;
				CLANG_ENABLE_OBJC_ARC = YES;
				CLANG_ENABLE_OBJC_WEAK = YES;
				CLANG_WARN_BLOCK_CAPTURE_AUTORELEASING = YES;
				CLANG_WARN_BOOL_CONVERSION = YES;
				CLANG_WARN_COMMA = YES;
				CLANG_WARN_CONSTANT_CONVERSION = YES;
				CLANG_WARN_DEPRECATED_OBJC_IMPLEMENTATIONS = YES;
				CLANG_WARN_DIRECT_OBJC_ISA_USAGE = YES_ERROR;
				CLANG_WARN_DOCUMENTATION_COMMENTS = YES;
				CLANG_WARN_EMPTY_BODY = YES;
				CLANG_WARN_ENUM_CONVERSION = YES;
				CLANG_WARN_INFINITE_RECURSION = YES;
				CLANG_WARN_INT_CONVERSION = YES;
				CLANG_WARN_NON_LITERAL_NULL_CONVERSION = YES;
				CLANG_WARN_OBJC_IMPLICIT_RETAIN_SELF = YES;
				CLANG_WARN_OBJC_LITERAL_CONVERSION = YES;
				CLANG_WARN_OBJC_ROOT_CLASS = YES_ERROR;
				CLANG_WARN_RANGE_LOOP_ANALYSIS = YES;
				CLANG_WARN_STRICT_PROTOTYPES = YES;
				CLANG_WARN_SUSPICIOUS_MOVE = YES;
				CLANG_WARN_UNGUARDED_AVAILABILITY = YES_AGGRESSIVE;
				CLANG_WARN_UNREACHABLE_CODE = YES;
				CLANG_WARN__DUPLICATE_METHOD_MATCH = YES;
				CODE_SIGN_IDENTITY = "iPhone Developer";
				COPY_PHASE_STRIP = NO;
				DEBUG_INFORMATION_FORMAT = "dwarf-with-dsym";
				ENABLE_NS_ASSERTIONS = NO;
				ENABLE_STRICT_OBJC_MSGSEND = YES;
				GCC_C_LANGUAGE_STANDARD = gnu11;
				GCC_NO_COMMON_BLOCKS = YES;
				GCC_WARN_64_TO_32_BIT_CONVERSION = YES;
				GCC_WARN_ABOUT_RETURN_TYPE = YES_ERROR;
				GCC_WARN_UNDECLARED_SELECTOR = YES;
				GCC_WARN_UNINITIALIZED_AUTOS = YES_AGGRESSIVE;
				GCC_WARN_UNUSED_FUNCTION = YES;
				GCC_WARN_UNUSED_VARIABLE = YES;
				IPHONEOS_DEPLOYMENT_TARGET = 11.3;
				MTL_ENABLE_DEBUG_INFO = NO;
				SDKROOT = iphoneos;
				SWIFT_COMPILATION_MODE = wholemodule;
				SWIFT_OPTIMIZATION_LEVEL = "-O";
				VALIDATE_PRODUCT = YES;
			};
			name = Release;
		};
		E2278C71207A3C7A0093E307 /* Debug */ = {
			isa = XCBuildConfiguration;
			buildSettings = {
				ASSETCATALOG_COMPILER_APPICON_NAME = AppIcon;
				CODE_SIGN_STYLE = Automatic;
				DEVELOPMENT_TEAM = CWT6FLBDWF;
				INFOPLIST_FILE = 9420/Info.plist;
				LD_RUNPATH_SEARCH_PATHS = (
					"$(inherited)",
					"@executable_path/Frameworks",
				);
				PRODUCT_BUNDLE_IDENTIFIER = "com.himin.-420";
				PRODUCT_NAME = "$(TARGET_NAME)";
				SWIFT_VERSION = 4.0;
				TARGETED_DEVICE_FAMILY = "1,2";
			};
			name = Debug;
		};
		E2278C72207A3C7A0093E307 /* Release */ = {
			isa = XCBuildConfiguration;
			buildSettings = {
				ASSETCATALOG_COMPILER_APPICON_NAME = AppIcon;
				CODE_SIGN_STYLE = Automatic;
				DEVELOPMENT_TEAM = CWT6FLBDWF;
				INFOPLIST_FILE = 9420/Info.plist;
				LD_RUNPATH_SEARCH_PATHS = (
					"$(inherited)",
					"@executable_path/Frameworks",
				);
				PRODUCT_BUNDLE_IDENTIFIER = "com.himin.-420";
				PRODUCT_NAME = "$(TARGET_NAME)";
				SWIFT_VERSION = 4.0;
				TARGETED_DEVICE_FAMILY = "1,2";
			};
			name = Release;
		};
/* End XCBuildConfiguration section */

/* Begin XCConfigurationList section */
		E2278C59207A3C770093E307 /* Build configuration list for PBXProject "9420" */ = {
			isa = XCConfigurationList;
			buildConfigurations = (
				E2278C6E207A3C7A0093E307 /* Debug */,
				E2278C6F207A3C7A0093E307 /* Release */,
			);
			defaultConfigurationIsVisible = 0;
			defaultConfigurationName = Release;
		};
		E2278C70207A3C7A0093E307 /* Build configuration list for PBXNativeTarget "9420" */ = {
			isa = XCConfigurationList;
			buildConfigurations = (
				E2278C71207A3C7A0093E307 /* Debug */,
				E2278C72207A3C7A0093E307 /* Release */,
			);
			defaultConfigurationIsVisible = 0;
			defaultConfigurationName = Release;
		};
/* End XCConfigurationList section */
	};
	rootObject = E2278C56207A3C770093E307 /* Project object */;
}
